{
    "_readme": [
        "This file locks the dependencies of your project to a known state",
        "Read more about it at https://getcomposer.org/doc/01-basic-usage.md#composer-lock-the-lock-file",
        "This file is @generated automatically"
    ],
    "hash": "ae05b2a45f6b105c7ca021261cee3899",
    "content-hash": "f5a4ca02016d3413734e1b059fafb192",
    "packages": [
        {
            "name": "symfony/yaml",
            "version": "v3.0.1",
            "source": {
                "type": "git",
                "url": "https://github.com/symfony/yaml.git",
                "reference": "3df409958a646dad2bc5046c3fb671ee24a1a691"
            },
            "dist": {
                "type": "zip",
                "url": "https://api.github.com/repos/symfony/yaml/zipball/3df409958a646dad2bc5046c3fb671ee24a1a691",
                "reference": "3df409958a646dad2bc5046c3fb671ee24a1a691",
                "shasum": ""
            },
            "require": {
                "php": ">=5.5.9"
            },
            "type": "library",
            "extra": {
                "branch-alias": {
                    "dev-master": "3.0-dev"
                }
            },
            "autoload": {
                "psr-4": {
                    "Symfony\\Component\\Yaml\\": ""
                },
                "exclude-from-classmap": [
                    "/Tests/"
                ]
            },
            "notification-url": "https://packagist.org/downloads/",
            "license": [
                "MIT"
            ],
            "authors": [
                {
                    "name": "Fabien Potencier",
                    "email": "fabien@symfony.com"
                },
                {
                    "name": "Symfony Community",
                    "homepage": "https://symfony.com/contributors"
                }
            ],
            "description": "Symfony Yaml Component",
            "homepage": "https://symfony.com",
            "time": "2015-12-26 13:39:53"
        },
        {
            "name": "webreactor/cli-arguments",
            "version": "dev-master",
            "source": {
                "type": "git",
                "url": "https://github.com/webreactor/cli-arguments.git",
                "reference": "31c6202686f6bf54d94a9b3187bb1380085cd99b"
            },
            "dist": {
                "type": "zip",
                "url": "https://api.github.com/repos/webreactor/cli-arguments/zipball/31c6202686f6bf54d94a9b3187bb1380085cd99b",
                "reference": "31c6202686f6bf54d94a9b3187bb1380085cd99b",
                "shasum": ""
            },
            "type": "library",
            "autoload": {
                "psr-4": {
                    "Webreactor\\CliArguments\\": "src/"
                }
            },
            "license": [
                "MIT"
            ],
            "support": {
                "source": "https://github.com/webreactor/cli-arguments/tree/master",
                "issues": "https://github.com/webreactor/cli-arguments/issues"
            },
            "time": "2016-06-14 20:49:42"
        }
    ],
    "packages-dev": [],
    "aliases": [],
    "minimum-stability": "stable",
    "stability-flags": {
        "webreactor/cli-arguments": 20
    },
    "prefer-stable": false,
    "prefer-lowest": false,
    "platform": [],
    "platform-dev": []
}
